
Microsoft Visual Studio Solution File, Format Version 12.00
# Visual Studio 15
VisualStudioVersion = 15.0.28307.438
MinimumVisualStudioVersion = 10.0.40219.1
Project("{9A19103F-16F7-4668-BE54-9A1E7A4F7556}") = "CoreSaml2Utils", "CoreSaml2Utils.csproj", "{84DCF6A2-8562-409C-96D5-5A29378AAB6E}"
EndProject
Global
	GlobalSection(SolutionConfigurationPlatforms) = preSolution
		Debug|Any CPU = Debug|Any CPU
		Release|Any CPU = Release|Any CPU
	EndGlobalSection
	GlobalSection(ProjectConfigurationPlatforms) = postSolution
		{84DCF6A2-8562-409C-96D5-5A29378AAB6E}.Debug|Any CPU.ActiveCfg = Debug|Any CPU
		{84DCF6A2-8562-409C-96D5-5A29378AAB6E}.Debug|Any CPU.Build.0 = Debug|Any CPU
		{84DCF6A2-8562-409C-96D5-5A29378AAB6E}.Release|Any CPU.ActiveCfg = Release|Any CPU
		{84DCF6A2-8562-409C-96D5-5A29378AAB6E}.Release|Any CPU.Build.0 = Release|Any CPU
	EndGlobalSection
	GlobalSection(SolutionProperties) = preSolution
		HideSolutionNode = FALSE
	EndGlobalSection
	GlobalSection(ExtensibilityGlobals) = postSolution
		SolutionGuid = {4EB4EA31-26D7-4684-87AF-2D5837FA8206}
	EndGlobalSection
EndGlobal
